
Microsoft Visual Studio Solution File, Format Version 12.00
# Visual Studio 15
Project("{FAE04EC0-301F-11D3-BF4B-00C04F79EFBC}") = "Assembly-CSharp", "Assembly-CSharp.csproj", "{C37A8D17-CBDE-1F91-2621-3F507A9998B5}"
EndProject
Global
	GlobalSection(SolutionConfigurationPlatforms) = preSolution
		Debug|Any CPU = Debug|Any CPU
		Release|Any CPU = Release|Any CPU
	EndGlobalSection
	GlobalSection(ProjectConfigurationPlatforms) = postSolution
		{C37A8D17-CBDE-1F91-2621-3F507A9998B5}.Debug|Any CPU.ActiveCfg = Debug|Any CPU
		{C37A8D17-CBDE-1F91-2621-3F507A9998B5}.Debug|Any CPU.Build.0 = Debug|Any CPU
		{C37A8D17-CBDE-1F91-2621-3F507A9998B5}.Release|Any CPU.ActiveCfg = Release|Any CPU
		{C37A8D17-CBDE-1F91-2621-3F507A9998B5}.Release|Any CPU.Build.0 = Release|Any CPU
	EndGlobalSection
	GlobalSection(SolutionProperties) = preSolution
		HideSolutionNode = FALSE
	EndGlobalSection
EndGlobal
